
Microsoft Visual Studio Solution File, Format Version 12.00
# Visual Studio Version 17
VisualStudioVersion = 17.8.34525.116
MinimumVisualStudioVersion = 10.0.40219.1
Project("{9A19103F-16F7-4668-BE54-9A1E7A4F7556}") = "API", "API\API.csproj", "{A2CAA4E6-3132-4C2C-84B7-3F709234D722}"
EndProject
Project("{9A19103F-16F7-4668-BE54-9A1E7A4F7556}") = "Core", "Core\Core.csproj", "{E38E397D-5A82-4E85-BADC-9F1EAA2DCE95}"
EndProject
Project("{9A19103F-16F7-4668-BE54-9A1E7A4F7556}") = "Infrastructure", "Infrastructure\Infrastructure.csproj", "{9C1F46AA-B0DB-4739-AF0F-146C4A0166D9}"
EndProject
Project("{2150E333-8FDC-42A3-9474-1A3956D46DE8}") = "Solution Items", "Solution Items", "{9227A61C-EFD7-4244-A8CF-3F479029E02C}"
	ProjectSection(SolutionItems) = preProject
		.editorconfig = .editorconfig
	EndProjectSection
EndProject
Global
	GlobalSection(SolutionConfigurationPlatforms) = preSolution
		Debug|Any CPU = Debug|Any CPU
		Release|Any CPU = Release|Any CPU
	EndGlobalSection
	GlobalSection(ProjectConfigurationPlatforms) = postSolution
		{A2CAA4E6-3132-4C2C-84B7-3F709234D722}.Debug|Any CPU.ActiveCfg = Debug|Any CPU
		{A2CAA4E6-3132-4C2C-84B7-3F709234D722}.Debug|Any CPU.Build.0 = Debug|Any CPU
		{A2CAA4E6-3132-4C2C-84B7-3F709234D722}.Release|Any CPU.ActiveCfg = Release|Any CPU
		{A2CAA4E6-3132-4C2C-84B7-3F709234D722}.Release|Any CPU.Build.0 = Release|Any CPU
		{E38E397D-5A82-4E85-BADC-9F1EAA2DCE95}.Debug|Any CPU.ActiveCfg = Debug|Any CPU
		{E38E397D-5A82-4E85-BADC-9F1EAA2DCE95}.Debug|Any CPU.Build.0 = Debug|Any CPU
		{E38E397D-5A82-4E85-BADC-9F1EAA2DCE95}.Release|Any CPU.ActiveCfg = Release|Any CPU
		{E38E397D-5A82-4E85-BADC-9F1EAA2DCE95}.Release|Any CPU.Build.0 = Release|Any CPU
		{9C1F46AA-B0DB-4739-AF0F-146C4A0166D9}.Debug|Any CPU.ActiveCfg = Debug|Any CPU
		{9C1F46AA-B0DB-4739-AF0F-146C4A0166D9}.Debug|Any CPU.Build.0 = Debug|Any CPU
		{9C1F46AA-B0DB-4739-AF0F-146C4A0166D9}.Release|Any CPU.ActiveCfg = Release|Any CPU
		{9C1F46AA-B0DB-4739-AF0F-146C4A0166D9}.Release|Any CPU.Build.0 = Release|Any CPU
	EndGlobalSection
	GlobalSection(SolutionProperties) = preSolution
		HideSolutionNode = FALSE
	EndGlobalSection
	GlobalSection(ExtensibilityGlobals) = postSolution
		SolutionGuid = {0CF4BCE3-17C4-42B3-94C9-6253A31CEEB0}
	EndGlobalSection
EndGlobal
